
Microsoft Visual Studio Solution File, Format Version 12.00
# Visual Studio Version 17
VisualStudioVersion = 17.8.34309.116
MinimumVisualStudioVersion = 10.0.40219.1
Project("{FAE04EC0-301F-11D3-BF4B-00C04F79EFBC}") = "Open.recui", "Open.recui.csproj", "{1924476B-BBB2-46B6-A3E5-80C1EFFA2FAB}"
EndProject
Global
	GlobalSection(SolutionConfigurationPlatforms) = preSolution
		Debug|Any CPU = Debug|Any CPU
		Release|Any CPU = Release|Any CPU
	EndGlobalSection
	GlobalSection(ProjectConfigurationPlatforms) = postSolution
		{1924476B-BBB2-46B6-A3E5-80C1EFFA2FAB}.Debug|Any CPU.ActiveCfg = Debug|Any CPU
		{1924476B-BBB2-46B6-A3E5-80C1EFFA2FAB}.Debug|Any CPU.Build.0 = Debug|Any CPU
		{1924476B-BBB2-46B6-A3E5-80C1EFFA2FAB}.Release|Any CPU.ActiveCfg = Release|Any CPU
		{1924476B-BBB2-46B6-A3E5-80C1EFFA2FAB}.Release|Any CPU.Build.0 = Release|Any CPU
	EndGlobalSection
	GlobalSection(SolutionProperties) = preSolution
		HideSolutionNode = FALSE
	EndGlobalSection
	GlobalSection(ExtensibilityGlobals) = postSolution
		SolutionGuid = {E97D79AD-ECEC-4CD5-8BCF-2BA2E35C7359}
	EndGlobalSection
EndGlobal
